
Microsoft Visual Studio Solution File, Format Version 12.00
# Visual Studio 15
VisualStudioVersion = 15.0.28307.960
MinimumVisualStudioVersion = 10.0.40219.1
Project("{FAE04EC0-301F-11D3-BF4B-00C04F79EFBC}") = "MultilingualPagesConverter", "MultilingualPagesConverter.csproj", "{137023B7-D4A6-44CF-9E74-A01FA9041949}"
EndProject
Global
	GlobalSection(SolutionConfigurationPlatforms) = preSolution
		Debug|Any CPU = Debug|Any CPU
		Release|Any CPU = Release|Any CPU
	EndGlobalSection
	GlobalSection(ProjectConfigurationPlatforms) = postSolution
		{137023B7-D4A6-44CF-9E74-A01FA9041949}.Debug|Any CPU.ActiveCfg = Debug|Any CPU
		{137023B7-D4A6-44CF-9E74-A01FA9041949}.Debug|Any CPU.Build.0 = Debug|Any CPU
		{137023B7-D4A6-44CF-9E74-A01FA9041949}.Release|Any CPU.ActiveCfg = Release|Any CPU
		{137023B7-D4A6-44CF-9E74-A01FA9041949}.Release|Any CPU.Build.0 = Release|Any CPU
	EndGlobalSection
	GlobalSection(SolutionProperties) = preSolution
		HideSolutionNode = FALSE
	EndGlobalSection
	GlobalSection(ExtensibilityGlobals) = postSolution
		SolutionGuid = {A41901E9-4849-4D36-893F-0357F20DE2B8}
	EndGlobalSection
EndGlobal
